
Microsoft Visual Studio Solution File, Format Version 12.00
# Visual Studio Version 16
VisualStudioVersion = 16.0.31515.178
MinimumVisualStudioVersion = 10.0.40219.1
Project("{FAE04EC0-301F-11D3-BF4B-00C04F79EFBC}") = "W10- Praktikum - Patricia Lowis", "W10- Praktikum - Patricia Lowis\W10- Praktikum - Patricia Lowis.csproj", "{C8761C2B-3C60-4ECD-909C-77DAA0CB5CDE}"
EndProject
Global
	GlobalSection(SolutionConfigurationPlatforms) = preSolution
		Debug|Any CPU = Debug|Any CPU
		Release|Any CPU = Release|Any CPU
	EndGlobalSection
	GlobalSection(ProjectConfigurationPlatforms) = postSolution
		{C8761C2B-3C60-4ECD-909C-77DAA0CB5CDE}.Debug|Any CPU.ActiveCfg = Debug|Any CPU
		{C8761C2B-3C60-4ECD-909C-77DAA0CB5CDE}.Debug|Any CPU.Build.0 = Debug|Any CPU
		{C8761C2B-3C60-4ECD-909C-77DAA0CB5CDE}.Release|Any CPU.ActiveCfg = Release|Any CPU
		{C8761C2B-3C60-4ECD-909C-77DAA0CB5CDE}.Release|Any CPU.Build.0 = Release|Any CPU
	EndGlobalSection
	GlobalSection(SolutionProperties) = preSolution
		HideSolutionNode = FALSE
	EndGlobalSection
	GlobalSection(ExtensibilityGlobals) = postSolution
		SolutionGuid = {30D5FD71-0A9F-444D-B7BD-BC464D32AC70}
	EndGlobalSection
EndGlobal
